
Microsoft Visual Studio Solution File, Format Version 12.00
# Visual Studio 2012
Project("{FAE04EC0-301F-11D3-BF4B-00C04F79EFBC}") = "GoodReadsSharp", "GoodReadsSharp\GoodReadsSharp.csproj", "{7F756A10-2F5F-46DA-9A5C-1586449FC32E}"
EndProject
Project("{FAE04EC0-301F-11D3-BF4B-00C04F79EFBC}") = "GoodReadsConsole", "GoodReadsConsole\GoodReadsConsole.csproj", "{F90154E3-19F0-47B6-8B69-5EB0181F7A36}"
EndProject
Global
	GlobalSection(SolutionConfigurationPlatforms) = preSolution
		Debug|Any CPU = Debug|Any CPU
		Release|Any CPU = Release|Any CPU
	EndGlobalSection
	GlobalSection(ProjectConfigurationPlatforms) = postSolution
		{7F756A10-2F5F-46DA-9A5C-1586449FC32E}.Debug|Any CPU.ActiveCfg = Debug|Any CPU
		{7F756A10-2F5F-46DA-9A5C-1586449FC32E}.Debug|Any CPU.Build.0 = Debug|Any CPU
		{7F756A10-2F5F-46DA-9A5C-1586449FC32E}.Release|Any CPU.ActiveCfg = Release|Any CPU
		{7F756A10-2F5F-46DA-9A5C-1586449FC32E}.Release|Any CPU.Build.0 = Release|Any CPU
		{F90154E3-19F0-47B6-8B69-5EB0181F7A36}.Debug|Any CPU.ActiveCfg = Debug|Any CPU
		{F90154E3-19F0-47B6-8B69-5EB0181F7A36}.Debug|Any CPU.Build.0 = Debug|Any CPU
		{F90154E3-19F0-47B6-8B69-5EB0181F7A36}.Release|Any CPU.ActiveCfg = Release|Any CPU
		{F90154E3-19F0-47B6-8B69-5EB0181F7A36}.Release|Any CPU.Build.0 = Release|Any CPU
	EndGlobalSection
	GlobalSection(SolutionProperties) = preSolution
		HideSolutionNode = FALSE
	EndGlobalSection
EndGlobal
